
Microsoft Visual Studio Solution File, Format Version 12.00
# Visual Studio 15
VisualStudioVersion = 15.0.26403.7
MinimumVisualStudioVersion = 10.0.40219.1
Project("{151D2E53-A2C4-4D7D-83FE-D05416EBD58E}") = "EEBaseServerTemplate", "EEBaseServerTemplate\EEBaseServerTemplate.deployproj", "{2C77F6F8-E255-41E3-A78B-1CDDD7B4BE6D}"
EndProject
Global
	GlobalSection(SolutionConfigurationPlatforms) = preSolution
		Debug|Any CPU = Debug|Any CPU
		Release|Any CPU = Release|Any CPU
	EndGlobalSection
	GlobalSection(ProjectConfigurationPlatforms) = postSolution
		{2C77F6F8-E255-41E3-A78B-1CDDD7B4BE6D}.Debug|Any CPU.ActiveCfg = Debug|Any CPU
		{2C77F6F8-E255-41E3-A78B-1CDDD7B4BE6D}.Debug|Any CPU.Build.0 = Debug|Any CPU
		{2C77F6F8-E255-41E3-A78B-1CDDD7B4BE6D}.Release|Any CPU.ActiveCfg = Release|Any CPU
		{2C77F6F8-E255-41E3-A78B-1CDDD7B4BE6D}.Release|Any CPU.Build.0 = Release|Any CPU
	EndGlobalSection
	GlobalSection(SolutionProperties) = preSolution
		HideSolutionNode = FALSE
	EndGlobalSection
EndGlobal
